// !$*UTF8*$!
{
	archiveVersion = 1;
	classes = {
	};
	objectVersion = 50;
	objects = {

/* Begin PBXBuildFile section */
		830C0D5026AA006300934D2F /* TicTacToeSwiftUIApp.swift in Sources */ = {isa = PBXBuildFile; fileRef = 830C0D4F26AA006300934D2F /* TicTacToeSwiftUIApp.swift */; };
		830C0D5226AA006300934D2F /* ContentView.swift in Sources */ = {isa = PBXBuildFile; fileRef = 830C0D5126AA006300934D2F /* ContentView.swift */; };
		830C0D5426AA006400934D2F /* Assets.xcassets in Resources */ = {isa = PBXBuildFile; fileRef = 830C0D5326AA006400934D2F /* Assets.xcassets */; };
		830C0D5726AA006400934D2F /* Preview Assets.xcassets in Resources */ = {isa = PBXBuildFile; fileRef = 830C0D5626AA006400934D2F /* Preview Assets.xcassets */; };
		830C0D5926AA006400934D2F /* Persistence.swift in Sources */ = {isa = PBXBuildFile; fileRef = 830C0D5826AA006400934D2F /* Persistence.swift */; };
		830C0D5C26AA006400934D2F /* TicTacToeSwiftUI.xcdatamodeld in Sources */ = {isa = PBXBuildFile; fileRef = 830C0D5A26AA006400934D2F /* TicTacToeSwiftUI.xcdatamodeld */; };
		830C0D6726AA006400934D2F /* TicTacToeSwiftUITests.swift in Sources */ = {isa = PBXBuildFile; fileRef = 830C0D6626AA006400934D2F /* TicTacToeSwiftUITests.swift */; };
		830C0D7226AA006500934D2F /* TicTacToeSwiftUIUITests.swift in Sources */ = {isa = PBXBuildFile; fileRef = 830C0D7126AA006500934D2F /* TicTacToeSwiftUIUITests.swift */; };
/* End PBXBuildFile section */

/* Begin PBXContainerItemProxy section */
		830C0D6326AA006400934D2F /* PBXContainerItemProxy */ = {
			isa = PBXContainerItemProxy;
			containerPortal = 830C0D4426AA006300934D2F /* Project object */;
			proxyType = 1;
			remoteGlobalIDString = 830C0D4B26AA006300934D2F;
			remoteInfo = TicTacToeSwiftUI;
		};
		830C0D6E26AA006500934D2F /* PBXContainerItemProxy */ = {
			isa = PBXContainerItemProxy;
			containerPortal = 830C0D4426AA006300934D2F /* Project object */;
			proxyType = 1;
			remoteGlobalIDString = 830C0D4B26AA006300934D2F;
			remoteInfo = TicTacToeSwiftUI;
		};
/* End PBXContainerItemProxy section */

/* Begin PBXFileReference section */
		830C0D4C26AA006300934D2F /* TicTacToeSwiftUI.app */ = {isa = PBXFileReference; explicitFileType = wrapper.application; includeInIndex = 0; path = TicTacToeSwiftUI.app; sourceTree = BUILT_PRODUCTS_DIR; };
		830C0D4F26AA006300934D2F /* TicTacToeSwiftUIApp.swift */ = {isa = PBXFileReference; lastKnownFileType = sourcecode.swift; path = TicTacToeSwiftUIApp.swift; sourceTree = "<group>"; };
		830C0D5126AA006300934D2F /* ContentView.swift */ = {isa = PBXFileReference; lastKnownFileType = sourcecode.swift; path = ContentView.swift; sourceTree = "<group>"; };
		830C0D5326AA006400934D2F /* Assets.xcassets */ = {isa = PBXFileReference; lastKnownFileType = folder.assetcatalog; path = Assets.xcassets; sourceTree = "<group>"; };
		830C0D5626AA006400934D2F /* Preview Assets.xcassets */ = {isa = PBXFileReference; lastKnownFileType = folder.assetcatalog; path = "Preview Assets.xcassets"; sourceTree = "<group>"; };
		830C0D5826AA006400934D2F /* Persistence.swift */ = {isa = PBXFileReference; lastKnownFileType = sourcecode.swift; path = Persistence.swift; sourceTree = "<group>"; };
		830C0D5B26AA006400934D2F /* TicTacToeSwiftUI.xcdatamodel */ = {isa = PBXFileReference; lastKnownFileType = wrapper.xcdatamodel; path = TicTacToeSwiftUI.xcdatamodel; sourceTree = "<group>"; };
		830C0D5D26AA006400934D2F /* Info.plist */ = {isa = PBXFileReference; lastKnownFileType = text.plist.xml; path = Info.plist; sourceTree = "<group>"; };
		830C0D6226AA006400934D2F /* TicTacToeSwiftUITests.xctest */ = {isa = PBXFileReference; explicitFileType = wrapper.cfbundle; includeInIndex = 0; path = TicTacToeSwiftUITests.xctest; sourceTree = BUILT_PRODUCTS_DIR; };
		830C0D6626AA006400934D2F /* TicTacToeSwiftUITests.swift */ = {isa = PBXFileReference; lastKnownFileType = sourcecode.swift; path = TicTacToeSwiftUITests.swift; sourceTree = "<group>"; };
		830C0D6826AA006400934D2F /* Info.plist */ = {isa = PBXFileReference; lastKnownFileType = text.plist.xml; path = Info.plist; sourceTree = "<group>"; };
		830C0D6D26AA006500934D2F /* TicTacToeSwiftUIUITests.xctest */ = {isa = PBXFileReference; explicitFileType = wrapper.cfbundle; includeInIndex = 0; path = TicTacToeSwiftUIUITests.xctest; sourceTree = BUILT_PRODUCTS_DIR; };
		830C0D7126AA006500934D2F /* TicTacToeSwiftUIUITests.swift */ = {isa = PBXFileReference; lastKnownFileType = sourcecode.swift; path = TicTacToeSwiftUIUITests.swift; sourceTree = "<group>"; };
		830C0D7326AA006500934D2F /* Info.plist */ = {isa = PBXFileReference; lastKnownFileType = text.plist.xml; path = Info.plist; sourceTree = "<group>"; };
/* End PBXFileReference section */

/* Begin PBXFrameworksBuildPhase section */
		830C0D4926AA006300934D2F /* Frameworks */ = {
			isa = PBXFrameworksBuildPhase;
			buildActionMask = 2147483647;
			files = (
			);
			runOnlyForDeploymentPostprocessing = 0;
		};
		830C0D5F26AA006400934D2F /* Frameworks */ = {
			isa = PBXFrameworksBuildPhase;
			buildActionMask = 2147483647;
			files = (
			);
			runOnlyForDeploymentPostprocessing = 0;
		};
		830C0D6A26AA006500934D2F /* Frameworks */ = {
			isa = PBXFrameworksBuildPhase;
			buildActionMask = 2147483647;
			files = (
			);
			runOnlyForDeploymentPostprocessing = 0;
		};
/* End PBXFrameworksBuildPhase section */

/* Begin PBXGroup section */
		830C0D4326AA006300934D2F = {
			isa = PBXGroup;
			children = (
				830C0D4E26AA006300934D2F /* TicTacToeSwiftUI */,
				830C0D6526AA006400934D2F /* TicTacToeSwiftUITests */,
				830C0D7026AA006500934D2F /* TicTacToeSwiftUIUITests */,
				830C0D4D26AA006300934D2F /* Products */,
			);
			sourceTree = "<group>";
		};
		830C0D4D26AA006300934D2F /* Products */ = {
			isa = PBXGroup;
			children = (
				830C0D4C26AA006300934D2F /* TicTacToeSwiftUI.app */,
				830C0D6226AA006400934D2F /* TicTacToeSwiftUITests.xctest */,
				830C0D6D26AA006500934D2F /* TicTacToeSwiftUIUITests.xctest */,
			);
			name = Products;
			sourceTree = "<group>";
		};
		830C0D4E26AA006300934D2F /* TicTacToeSwiftUI */ = {
			isa = PBXGroup;
			children = (
				830C0D4F26AA006300934D2F /* TicTacToeSwiftUIApp.swift */,
				830C0D5126AA006300934D2F /* ContentView.swift */,
				830C0D5326AA006400934D2F /* Assets.xcassets */,
				830C0D5826AA006400934D2F /* Persistence.swift */,
				830C0D5D26AA006400934D2F /* Info.plist */,
				830C0D5A26AA006400934D2F /* TicTacToeSwiftUI.xcdatamodeld */,
				830C0D5526AA006400934D2F /* Preview Content */,
			);
			path = TicTacToeSwiftUI;
			sourceTree = "<group>";
		};
		830C0D5526AA006400934D2F /* Preview Content */ = {
			isa = PBXGroup;
			children = (
				830C0D5626AA006400934D2F /* Preview Assets.xcassets */,
			);
			path = "Preview Content";
			sourceTree = "<group>";
		};
		830C0D6526AA006400934D2F /* TicTacToeSwiftUITests */ = {
			isa = PBXGroup;
			children = (
				830C0D6626AA006400934D2F /* TicTacToeSwiftUITests.swift */,
				830C0D6826AA006400934D2F /* Info.plist */,
			);
			path = TicTacToeSwiftUITests;
			sourceTree = "<group>";
		};
		830C0D7026AA006500934D2F /* TicTacToeSwiftUIUITests */ = {
			isa = PBXGroup;
			children = (
				830C0D7126AA006500934D2F /* TicTacToeSwiftUIUITests.swift */,
				830C0D7326AA006500934D2F /* Info.plist */,
			);
			path = TicTacToeSwiftUIUITests;
			sourceTree = "<group>";
		};
/* End PBXGroup section */

/* Begin PBXNativeTarget section */
		830C0D4B26AA006300934D2F /* TicTacToeSwiftUI */ = {
			isa = PBXNativeTarget;
			buildConfigurationList = 830C0D7626AA006500934D2F /* Build configuration list for PBXNativeTarget "TicTacToeSwiftUI" */;
			buildPhases = (
				830C0D4826AA006300934D2F /* Sources */,
				830C0D4926AA006300934D2F /* Frameworks */,
				830C0D4A26AA006300934D2F /* Resources */,
			);
			buildRules = (
			);
			dependencies = (
			);
			name = TicTacToeSwiftUI;
			productName = TicTacToeSwiftUI;
			productReference = 830C0D4C26AA006300934D2F /* TicTacToeSwiftUI.app */;
			productType = "com.apple.product-type.application";
		};
		830C0D6126AA006400934D2F /* TicTacToeSwiftUITests */ = {
			isa = PBXNativeTarget;
			buildConfigurationList = 830C0D7926AA006500934D2F /* Build configuration list for PBXNativeTarget "TicTacToeSwiftUITests" */;
			buildPhases = (
				830C0D5E26AA006400934D2F /* Sources */,
				830C0D5F26AA006400934D2F /* Frameworks */,
				830C0D6026AA006400934D2F /* Resources */,
			);
			buildRules = (
			);
			dependencies = (
				830C0D6426AA006400934D2F /* PBXTargetDependency */,
			);
			name = TicTacToeSwiftUITests;
			productName = TicTacToeSwiftUITests;
			productReference = 830C0D6226AA006400934D2F /* TicTacToeSwiftUITests.xctest */;
			productType = "com.apple.product-type.bundle.unit-test";
		};
		830C0D6C26AA006500934D2F /* TicTacToeSwiftUIUITests */ = {
			isa = PBXNativeTarget;
			buildConfigurationList = 830C0D7C26AA006500934D2F /* Build configuration list for PBXNativeTarget "TicTacToeSwiftUIUITests" */;
			buildPhases = (
				830C0D6926AA006500934D2F /* Sources */,
				830C0D6A26AA006500934D2F /* Frameworks */,
				830C0D6B26AA006500934D2F /* Resources */,
			);
			buildRules = (
			);
			dependencies = (
				830C0D6F26AA006500934D2F /* PBXTargetDependency */,
			);
			name = TicTacToeSwiftUIUITests;
			productName = TicTacToeSwiftUIUITests;
			productReference = 830C0D6D26AA006500934D2F /* TicTacToeSwiftUIUITests.xctest */;
			productType = "com.apple.product-type.bundle.ui-testing";
		};
/* End PBXNativeTarget section */

/* Begin PBXProject section */
		830C0D4426AA006300934D2F /* Project object */ = {
			isa = PBXProject;
			attributes = {
				LastSwiftUpdateCheck = 1250;
				LastUpgradeCheck = 1250;
				TargetAttributes = {
					830C0D4B26AA006300934D2F = {
						CreatedOnToolsVersion = 12.5.1;
					};
					830C0D6126AA006400934D2F = {
						CreatedOnToolsVersion = 12.5.1;
						TestTargetID = 830C0D4B26AA006300934D2F;
					};
					830C0D6C26AA006500934D2F = {
						CreatedOnToolsVersion = 12.5.1;
						TestTargetID = 830C0D4B26AA006300934D2F;
					};
				};
			};
			buildConfigurationList = 830C0D4726AA006300934D2F /* Build configuration list for PBXProject "TicTacToeSwiftUI" */;
			compatibilityVersion = "Xcode 9.3";
			developmentRegion = en;
			hasScannedForEncodings = 0;
			knownRegions = (
				en,
				Base,
			);
			mainGroup = 830C0D4326AA006300934D2F;
			productRefGroup = 830C0D4D26AA006300934D2F /* Products */;
			projectDirPath = "";
			projectRoot = "";
			targets = (
				830C0D4B26AA006300934D2F /* TicTacToeSwiftUI */,
				830C0D6126AA006400934D2F /* TicTacToeSwiftUITests */,
				830C0D6C26AA006500934D2F /* TicTacToeSwiftUIUITests */,
			);
		};
/* End PBXProject section */

/* Begin PBXResourcesBuildPhase section */
		830C0D4A26AA006300934D2F /* Resources */ = {
			isa = PBXResourcesBuildPhase;
			buildActionMask = 2147483647;
			files = (
				830C0D5726AA006400934D2F /* Preview Assets.xcassets in Resources */,
				830C0D5426AA006400934D2F /* Assets.xcassets in Resources */,
			);
			runOnlyForDeploymentPostprocessing = 0;
		};
		830C0D6026AA006400934D2F /* Resources */ = {
			isa = PBXResourcesBuildPhase;
			buildActionMask = 2147483647;
			files = (
			);
			runOnlyForDeploymentPostprocessing = 0;
		};
		830C0D6B26AA006500934D2F /* Resources */ = {
			isa = PBXResourcesBuildPhase;
			buildActionMask = 2147483647;
			files = (
			);
			runOnlyForDeploymentPostprocessing = 0;
		};
/* End PBXResourcesBuildPhase section */

/* Begin PBXSourcesBuildPhase section */
		830C0D4826AA006300934D2F /* Sources */ = {
			isa = PBXSourcesBuildPhase;
			buildActionMask = 2147483647;
			files = (
				830C0D5C26AA006400934D2F /* TicTacToeSwiftUI.xcdatamodeld in Sources */,
				830C0D5926AA006400934D2F /* Persistence.swift in Sources */,
				830C0D5226AA006300934D2F /* ContentView.swift in Sources */,
				830C0D5026AA006300934D2F /* TicTacToeSwiftUIApp.swift in Sources */,
			);
			runOnlyForDeploymentPostprocessing = 0;
		};
		830C0D5E26AA006400934D2F /* Sources */ = {
			isa = PBXSourcesBuildPhase;
			buildActionMask = 2147483647;
			files = (
				830C0D6726AA006400934D2F /* TicTacToeSwiftUITests.swift in Sources */,
			);
			runOnlyForDeploymentPostprocessing = 0;
		};
		830C0D6926AA006500934D2F /* Sources */ = {
			isa = PBXSourcesBuildPhase;
			buildActionMask = 2147483647;
			files = (
				830C0D7226AA006500934D2F /* TicTacToeSwiftUIUITests.swift in Sources */,
			);
			runOnlyForDeploymentPostprocessing = 0;
		};
/* End PBXSourcesBuildPhase section */

/* Begin PBXTargetDependency section */
		830C0D6426AA006400934D2F /* PBXTargetDependency */ = {
			isa = PBXTargetDependency;
			target = 830C0D4B26AA006300934D2F /* TicTacToeSwiftUI */;
			targetProxy = 830C0D6326AA006400934D2F /* PBXContainerItemProxy */;
		};
		830C0D6F26AA006500934D2F /* PBXTargetDependency */ = {
			isa = PBXTargetDependency;
			target = 830C0D4B26AA006300934D2F /* TicTacToeSwiftUI */;
			targetProxy = 830C0D6E26AA006500934D2F /* PBXContainerItemProxy */;
		};
/* End PBXTargetDependency section */

/* Begin XCBuildConfiguration section */
		830C0D7426AA006500934D2F /* Debug */ = {
			isa = XCBuildConfiguration;
			buildSettings = {
				ALWAYS_SEARCH_USER_PATHS = NO;
				CLANG_ANALYZER_NONNULL = YES;
				CLANG_ANALYZER_NUMBER_OBJECT_CONVERSION = YES_AGGRESSIVE;
				CLANG_CXX_LANGUAGE_STANDARD = "gnu++14";
				CLANG_CXX_LIBRARY = "libc++";
				CLANG_ENABLE_MODULES = YES;
				CLANG_ENABLE_OBJC_ARC = YES;
				CLANG_ENABLE_OBJC_WEAK = YES;
				CLANG_WARN_BLOCK_CAPTURE_AUTORELEASING = YES;
				CLANG_WARN_BOOL_CONVERSION = YES;
				CLANG_WARN_COMMA = YES;
				CLANG_WARN_CONSTANT_CONVERSION = YES;
				CLANG_WARN_DEPRECATED_OBJC_IMPLEMENTATIONS = YES;
				CLANG_WARN_DIRECT_OBJC_ISA_USAGE = YES_ERROR;
				CLANG_WARN_DOCUMENTATION_COMMENTS = YES;
				CLANG_WARN_EMPTY_BODY = YES;
				CLANG_WARN_ENUM_CONVERSION = YES;
				CLANG_WARN_INFINITE_RECURSION = YES;
				CLANG_WARN_INT_CONVERSION = YES;
				CLANG_WARN_NON_LITERAL_NULL_CONVERSION = YES;
				CLANG_WARN_OBJC_IMPLICIT_RETAIN_SELF = YES;
				CLANG_WARN_OBJC_LITERAL_CONVERSION = YES;
				CLANG_WARN_OBJC_ROOT_CLASS = YES_ERROR;
				CLANG_WARN_QUOTED_INCLUDE_IN_FRAMEWORK_HEADER = YES;
				CLANG_WARN_RANGE_LOOP_ANALYSIS = YES;
				CLANG_WARN_STRICT_PROTOTYPES = YES;
				CLANG_WARN_SUSPICIOUS_MOVE = YES;
				CLANG_WARN_UNGUARDED_AVAILABILITY = YES_AGGRESSIVE;
				CLANG_WARN_UNREACHABLE_CODE = YES;
				CLANG_WARN__DUPLICATE_METHOD_MATCH = YES;
				COPY_PHASE_STRIP = NO;
				DEBUG_INFORMATION_FORMAT = dwarf;
				ENABLE_STRICT_OBJC_MSGSEND = YES;
				ENABLE_TESTABILITY = YES;
				GCC_C_LANGUAGE_STANDARD = gnu11;
				GCC_DYNAMIC_NO_PIC = NO;
				GCC_NO_COMMON_BLOCKS = YES;
				GCC_OPTIMIZATION_LEVEL = 0;
				GCC_PREPROCESSOR_DEFINITIONS = (
					"DEBUG=1",
					"$(inherited)",
				);
				GCC_WARN_64_TO_32_BIT_CONVERSION = YES;
				GCC_WARN_ABOUT_RETURN_TYPE = YES_ERROR;
				GCC_WARN_UNDECLARED_SELECTOR = YES;
				GCC_WARN_UNINITIALIZED_AUTOS = YES_AGGRESSIVE;
				GCC_WARN_UNUSED_FUNCTION = YES;
				GCC_WARN_UNUSED_VARIABLE = YES;
				IPHONEOS_DEPLOYMENT_TARGET = 14.5;
				MTL_ENABLE_DEBUG_INFO = INCLUDE_SOURCE;
				MTL_FAST_MATH = YES;
				ONLY_ACTIVE_ARCH = YES;
				SDKROOT = iphoneos;
				SWIFT_ACTIVE_COMPILATION_CONDITIONS = DEBUG;
				SWIFT_OPTIMIZATION_LEVEL = "-Onone";
			};
			name = Debug;
		};
		830C0D7526AA006500934D2F /* Release */ = {
			isa = XCBuildConfiguration;
			buildSettings = {
				ALWAYS_SEARCH_USER_PATHS = NO;
				CLANG_ANALYZER_NONNULL = YES;
				CLANG_ANALYZER_NUMBER_OBJECT_CONVERSION = YES_AGGRESSIVE;
				CLANG_CXX_LANGUAGE_STANDARD = "gnu++14";
				CLANG_CXX_LIBRARY = "libc++";
				CLANG_ENABLE_MODULES = YES;
				CLANG_ENABLE_OBJC_ARC = YES;
				CLANG_ENABLE_OBJC_WEAK = YES;
				CLANG_WARN_BLOCK_CAPTURE_AUTORELEASING = YES;
				CLANG_WARN_BOOL_CONVERSION = YES;
				CLANG_WARN_COMMA = YES;
				CLANG_WARN_CONSTANT_CONVERSION = YES;
				CLANG_WARN_DEPRECATED_OBJC_IMPLEMENTATIONS = YES;
				CLANG_WARN_DIRECT_OBJC_ISA_USAGE = YES_ERROR;
				CLANG_WARN_DOCUMENTATION_COMMENTS = YES;
				CLANG_WARN_EMPTY_BODY = YES;
				CLANG_WARN_ENUM_CONVERSION = YES;
				CLANG_WARN_INFINITE_RECURSION = YES;
				CLANG_WARN_INT_CONVERSION = YES;
				CLANG_WARN_NON_LITERAL_NULL_CONVERSION = YES;
				CLANG_WARN_OBJC_IMPLICIT_RETAIN_SELF = YES;
				CLANG_WARN_OBJC_LITERAL_CONVERSION = YES;
				CLANG_WARN_OBJC_ROOT_CLASS = YES_ERROR;
				CLANG_WARN_QUOTED_INCLUDE_IN_FRAMEWORK_HEADER = YES;
				CLANG_WARN_RANGE_LOOP_ANALYSIS = YES;
				CLANG_WARN_STRICT_PROTOTYPES = YES;
				CLANG_WARN_SUSPICIOUS_MOVE = YES;
				CLANG_WARN_UNGUARDED_AVAILABILITY = YES_AGGRESSIVE;
				CLANG_WARN_UNREACHABLE_CODE = YES;
				CLANG_WARN__DUPLICATE_METHOD_MATCH = YES;
				COPY_PHASE_STRIP = NO;
				DEBUG_INFORMATION_FORMAT = "dwarf-with-dsym";
				ENABLE_NS_ASSERTIONS = NO;
				ENABLE_STRICT_OBJC_MSGSEND = YES;
				GCC_C_LANGUAGE_STANDARD = gnu11;
				GCC_NO_COMMON_BLOCKS = YES;
				GCC_WARN_64_TO_32_BIT_CONVERSION = YES;
				GCC_WARN_ABOUT_RETURN_TYPE = YES_ERROR;
				GCC_WARN_UNDECLARED_SELECTOR = YES;
				GCC_WARN_UNINITIALIZED_AUTOS = YES_AGGRESSIVE;
				GCC_WARN_UNUSED_FUNCTION = YES;
				GCC_WARN_UNUSED_VARIABLE = YES;
				IPHONEOS_DEPLOYMENT_TARGET = 14.5;
				MTL_ENABLE_DEBUG_INFO = NO;
				MTL_FAST_MATH = YES;
				SDKROOT = iphoneos;
				SWIFT_COMPILATION_MODE = wholemodule;
				SWIFT_OPTIMIZATION_LEVEL = "-O";
				VALIDATE_PRODUCT = YES;
			};
			name = Release;
		};
		830C0D7726AA006500934D2F /* Debug */ = {
			isa = XCBuildConfiguration;
			buildSettings = {
				ASSETCATALOG_COMPILER_APPICON_NAME = AppIcon;
				ASSETCATALOG_COMPILER_GLOBAL_ACCENT_COLOR_NAME = AccentColor;
				CODE_SIGN_STYLE = Automatic;
				DEVELOPMENT_ASSET_PATHS = "\"TicTacToeSwiftUI/Preview Content\"";
				DEVELOPMENT_TEAM = 84LWTY6T5F;
				ENABLE_PREVIEWS = YES;
				INFOPLIST_FILE = TicTacToeSwiftUI/Info.plist;
				IPHONEOS_DEPLOYMENT_TARGET = 14.0;
				LD_RUNPATH_SEARCH_PATHS = (
					"$(inherited)",
					"@executable_path/Frameworks",
				);
				PRODUCT_BUNDLE_IDENTIFIER = com.DocsApps.TicTacToeSwiftUI;
				PRODUCT_NAME = "$(TARGET_NAME)";
				SWIFT_VERSION = 5.0;
				TARGETED_DEVICE_FAMILY = "1,2";
			};
			name = Debug;
		};
		830C0D7826AA006500934D2F /* Release */ = {
			isa = XCBuildConfiguration;
			buildSettings = {
				ASSETCATALOG_COMPILER_APPICON_NAME = AppIcon;
				ASSETCATALOG_COMPILER_GLOBAL_ACCENT_COLOR_NAME = AccentColor;
				CODE_SIGN_STYLE = Automatic;
				DEVELOPMENT_ASSET_PATHS = "\"TicTacToeSwiftUI/Preview Content\"";
				DEVELOPMENT_TEAM = 84LWTY6T5F;
				ENABLE_PREVIEWS = YES;
				INFOPLIST_FILE = TicTacToeSwiftUI/Info.plist;
				IPHONEOS_DEPLOYMENT_TARGET = 14.0;
				LD_RUNPATH_SEARCH_PATHS = (
					"$(inherited)",
					"@executable_path/Frameworks",
				);
				PRODUCT_BUNDLE_IDENTIFIER = com.DocsApps.TicTacToeSwiftUI;
				PRODUCT_NAME = "$(TARGET_NAME)";
				SWIFT_VERSION = 5.0;
				TARGETED_DEVICE_FAMILY = "1,2";
			};
			name = Release;
		};
		830C0D7A26AA006500934D2F /* Debug */ = {
			isa = XCBuildConfiguration;
			buildSettings = {
				ALWAYS_EMBED_SWIFT_STANDARD_LIBRARIES = YES;
				BUNDLE_LOADER = "$(TEST_HOST)";
				CODE_SIGN_STYLE = Automatic;
				DEVELOPMENT_TEAM = 84LWTY6T5F;
				INFOPLIST_FILE = TicTacToeSwiftUITests/Info.plist;
				IPHONEOS_DEPLOYMENT_TARGET = 14.0;
				LD_RUNPATH_SEARCH_PATHS = (
					"$(inherited)",
					"@executable_path/Frameworks",
					"@loader_path/Frameworks",
				);
				PRODUCT_BUNDLE_IDENTIFIER = com.DocsApps.TicTacToeSwiftUITests;
				PRODUCT_NAME = "$(TARGET_NAME)";
				SWIFT_VERSION = 5.0;
				TARGETED_DEVICE_FAMILY = "1,2";
				TEST_HOST = "$(BUILT_PRODUCTS_DIR)/TicTacToeSwiftUI.app/TicTacToeSwiftUI";
			};
			name = Debug;
		};
		830C0D7B26AA006500934D2F /* Release */ = {
			isa = XCBuildConfiguration;
			buildSettings = {
				ALWAYS_EMBED_SWIFT_STANDARD_LIBRARIES = YES;
				BUNDLE_LOADER = "$(TEST_HOST)";
				CODE_SIGN_STYLE = Automatic;
				DEVELOPMENT_TEAM = 84LWTY6T5F;
				INFOPLIST_FILE = TicTacToeSwiftUITests/Info.plist;
				IPHONEOS_DEPLOYMENT_TARGET = 14.0;
				LD_RUNPATH_SEARCH_PATHS = (
					"$(inherited)",
					"@executable_path/Frameworks",
					"@loader_path/Frameworks",
				);
				PRODUCT_BUNDLE_IDENTIFIER = com.DocsApps.TicTacToeSwiftUITests;
				PRODUCT_NAME = "$(TARGET_NAME)";
				SWIFT_VERSION = 5.0;
				TARGETED_DEVICE_FAMILY = "1,2";
				TEST_HOST = "$(BUILT_PRODUCTS_DIR)/TicTacToeSwiftUI.app/TicTacToeSwiftUI";
			};
			name = Release;
		};
		830C0D7D26AA006500934D2F /* Debug */ = {
			isa = XCBuildConfiguration;
			buildSettings = {
				ALWAYS_EMBED_SWIFT_STANDARD_LIBRARIES = YES;
				CODE_SIGN_STYLE = Automatic;
				DEVELOPMENT_TEAM = 84LWTY6T5F;
				INFOPLIST_FILE = TicTacToeSwiftUIUITests/Info.plist;
				LD_RUNPATH_SEARCH_PATHS = (
					"$(inherited)",
					"@executable_path/Frameworks",
					"@loader_path/Frameworks",
				);
				PRODUCT_BUNDLE_IDENTIFIER = com.DocsApps.TicTacToeSwiftUIUITests;
				PRODUCT_NAME = "$(TARGET_NAME)";
				SWIFT_VERSION = 5.0;
				TARGETED_DEVICE_FAMILY = "1,2";
				TEST_TARGET_NAME = TicTacToeSwiftUI;
			};
			name = Debug;
		};
		830C0D7E26AA006500934D2F /* Release */ = {
			isa = XCBuildConfiguration;
			buildSettings = {
				ALWAYS_EMBED_SWIFT_STANDARD_LIBRARIES = YES;
				CODE_SIGN_STYLE = Automatic;
				DEVELOPMENT_TEAM = 84LWTY6T5F;
				INFOPLIST_FILE = TicTacToeSwiftUIUITests/Info.plist;
				LD_RUNPATH_SEARCH_PATHS = (
					"$(inherited)",
					"@executable_path/Frameworks",
					"@loader_path/Frameworks",
				);
				PRODUCT_BUNDLE_IDENTIFIER = com.DocsApps.TicTacToeSwiftUIUITests;
				PRODUCT_NAME = "$(TARGET_NAME)";
				SWIFT_VERSION = 5.0;
				TARGETED_DEVICE_FAMILY = "1,2";
				TEST_TARGET_NAME = TicTacToeSwiftUI;
			};
			name = Release;
		};
/* End XCBuildConfiguration section */

/* Begin XCConfigurationList section */
		830C0D4726AA006300934D2F /* Build configuration list for PBXProject "TicTacToeSwiftUI" */ = {
			isa = XCConfigurationList;
			buildConfigurations = (
				830C0D7426AA006500934D2F /* Debug */,
				830C0D7526AA006500934D2F /* Release */,
			);
			defaultConfigurationIsVisible = 0;
			defaultConfigurationName = Release;
		};
		830C0D7626AA006500934D2F /* Build configuration list for PBXNativeTarget "TicTacToeSwiftUI" */ = {
			isa = XCConfigurationList;
			buildConfigurations = (
				830C0D7726AA006500934D2F /* Debug */,
				830C0D7826AA006500934D2F /* Release */,
			);
			defaultConfigurationIsVisible = 0;
			defaultConfigurationName = Release;
		};
		830C0D7926AA006500934D2F /* Build configuration list for PBXNativeTarget "TicTacToeSwiftUITests" */ = {
			isa = XCConfigurationList;
			buildConfigurations = (
				830C0D7A26AA006500934D2F /* Debug */,
				830C0D7B26AA006500934D2F /* Release */,
			);
			defaultConfigurationIsVisible = 0;
			defaultConfigurationName = Release;
		};
		830C0D7C26AA006500934D2F /* Build configuration list for PBXNativeTarget "TicTacToeSwiftUIUITests" */ = {
			isa = XCConfigurationList;
			buildConfigurations = (
				830C0D7D26AA006500934D2F /* Debug */,
				830C0D7E26AA006500934D2F /* Release */,
			);
			defaultConfigurationIsVisible = 0;
			defaultConfigurationName = Release;
		};
/* End XCConfigurationList section */

/* Begin XCVersionGroup section */
		830C0D5A26AA006400934D2F /* TicTacToeSwiftUI.xcdatamodeld */ = {
			isa = XCVersionGroup;
			children = (
				830C0D5B26AA006400934D2F /* TicTacToeSwiftUI.xcdatamodel */,
			);
			currentVersion = 830C0D5B26AA006400934D2F /* TicTacToeSwiftUI.xcdatamodel */;
			path = TicTacToeSwiftUI.xcdatamodeld;
			sourceTree = "<group>";
			versionGroupType = wrapper.xcdatamodel;
		};
/* End XCVersionGroup section */
	};
	rootObject = 830C0D4426AA006300934D2F /* Project object */;
}
